
Microsoft Visual Studio Solution File, Format Version 12.00
# Visual Studio Version 17
VisualStudioVersion = 17.4.33403.182
MinimumVisualStudioVersion = 10.0.40219.1
Project("{FAE04EC0-301F-11D3-BF4B-00C04F79EFBC}") = "EClerx.CSharp.Day3", "EClerx.CSharp.Day3\EClerx.CSharp.Day3.csproj", "{3D33E468-CF38-49F4-947A-901552C38A40}"
EndProject
Project("{FAE04EC0-301F-11D3-BF4B-00C04F79EFBC}") = "BusinessLayer", "BusinessLayer\BusinessLayer.csproj", "{08B00543-37BD-4538-A3C9-2BF79D44895D}"
EndProject
Global
	GlobalSection(SolutionConfigurationPlatforms) = preSolution
		Debug|Any CPU = Debug|Any CPU
		Release|Any CPU = Release|Any CPU
	EndGlobalSection
	GlobalSection(ProjectConfigurationPlatforms) = postSolution
		{3D33E468-CF38-49F4-947A-901552C38A40}.Debug|Any CPU.ActiveCfg = Debug|Any CPU
		{3D33E468-CF38-49F4-947A-901552C38A40}.Debug|Any CPU.Build.0 = Debug|Any CPU
		{3D33E468-CF38-49F4-947A-901552C38A40}.Release|Any CPU.ActiveCfg = Release|Any CPU
		{3D33E468-CF38-49F4-947A-901552C38A40}.Release|Any CPU.Build.0 = Release|Any CPU
		{08B00543-37BD-4538-A3C9-2BF79D44895D}.Debug|Any CPU.ActiveCfg = Debug|Any CPU
		{08B00543-37BD-4538-A3C9-2BF79D44895D}.Debug|Any CPU.Build.0 = Debug|Any CPU
		{08B00543-37BD-4538-A3C9-2BF79D44895D}.Release|Any CPU.ActiveCfg = Release|Any CPU
		{08B00543-37BD-4538-A3C9-2BF79D44895D}.Release|Any CPU.Build.0 = Release|Any CPU
	EndGlobalSection
	GlobalSection(SolutionProperties) = preSolution
		HideSolutionNode = FALSE
	EndGlobalSection
	GlobalSection(ExtensibilityGlobals) = postSolution
		SolutionGuid = {B1C392B4-FDB1-4ECB-8492-6EBE2C8C8181}
	EndGlobalSection
EndGlobal
